// !$*UTF8*$!
{
	archiveVersion = 1;
	classes = {
	};
	objectVersion = 48;
	objects = {

/* Begin PBXBuildFile section */
		AF8E27FBEA992D60BC8AECA0 /* libPods-HomeProject.a in Frameworks */ = {isa = PBXBuildFile; fileRef = E12D1A7BFA6F993189D7A988 /* libPods-HomeProject.a */; };
		DDF57DB92061A48600F51B6E /* AppDelegate.m in Sources */ = {isa = PBXBuildFile; fileRef = DDF57DB82061A48600F51B6E /* AppDelegate.m */; };
		DDF57DBC2061A48600F51B6E /* ViewController.m in Sources */ = {isa = PBXBuildFile; fileRef = DDF57DBB2061A48600F51B6E /* ViewController.m */; };
		DDF57DBF2061A48700F51B6E /* Main.storyboard in Resources */ = {isa = PBXBuildFile; fileRef = DDF57DBD2061A48700F51B6E /* Main.storyboard */; };
		DDF57DC12061A48700F51B6E /* Assets.xcassets in Resources */ = {isa = PBXBuildFile; fileRef = DDF57DC02061A48700F51B6E /* Assets.xcassets */; };
		DDF57DC42061A48700F51B6E /* LaunchScreen.storyboard in Resources */ = {isa = PBXBuildFile; fileRef = DDF57DC22061A48700F51B6E /* LaunchScreen.storyboard */; };
		DDF57DC72061A48700F51B6E /* main.m in Sources */ = {isa = PBXBuildFile; fileRef = DDF57DC62061A48700F51B6E /* main.m */; };
		DDF57DCF2061A50500F51B6E /* Api.m in Sources */ = {isa = PBXBuildFile; fileRef = DDF57DCE2061A50500F51B6E /* Api.m */; };
		DDF57DD22061CF6F00F51B6E /* UIImage+Crop.m in Sources */ = {isa = PBXBuildFile; fileRef = DDF57DD12061CF6F00F51B6E /* UIImage+Crop.m */; };
		DDF57DDD2062429500F51B6E /* FaceDetectModel.m in Sources */ = {isa = PBXBuildFile; fileRef = DDF57DDC2062429500F51B6E /* FaceDetectModel.m */; };
		DDF57DE0206242B100F51B6E /* FaceRectangleModel.m in Sources */ = {isa = PBXBuildFile; fileRef = DDF57DDF206242B100F51B6E /* FaceRectangleModel.m */; };
/* End PBXBuildFile section */

/* Begin PBXFileReference section */
		616D3F0117B8ABBFAF0EC1F0 /* Pods-HomeProject.debug.xcconfig */ = {isa = PBXFileReference; includeInIndex = 1; lastKnownFileType = text.xcconfig; name = "Pods-HomeProject.debug.xcconfig"; path = "Pods/Target Support Files/Pods-HomeProject/Pods-HomeProject.debug.xcconfig"; sourceTree = "<group>"; };
		B31CAD009398D68EF09CC369 /* Pods-HomeProject.release.xcconfig */ = {isa = PBXFileReference; includeInIndex = 1; lastKnownFileType = text.xcconfig; name = "Pods-HomeProject.release.xcconfig"; path = "Pods/Target Support Files/Pods-HomeProject/Pods-HomeProject.release.xcconfig"; sourceTree = "<group>"; };
		DDF57DB42061A48600F51B6E /* HomeProject.app */ = {isa = PBXFileReference; explicitFileType = wrapper.application; includeInIndex = 0; path = HomeProject.app; sourceTree = BUILT_PRODUCTS_DIR; };
		DDF57DB72061A48600F51B6E /* AppDelegate.h */ = {isa = PBXFileReference; lastKnownFileType = sourcecode.c.h; path = AppDelegate.h; sourceTree = "<group>"; };
		DDF57DB82061A48600F51B6E /* AppDelegate.m */ = {isa = PBXFileReference; lastKnownFileType = sourcecode.c.objc; path = AppDelegate.m; sourceTree = "<group>"; };
		DDF57DBA2061A48600F51B6E /* ViewController.h */ = {isa = PBXFileReference; lastKnownFileType = sourcecode.c.h; path = ViewController.h; sourceTree = "<group>"; };
		DDF57DBB2061A48600F51B6E /* ViewController.m */ = {isa = PBXFileReference; lastKnownFileType = sourcecode.c.objc; path = ViewController.m; sourceTree = "<group>"; };
		DDF57DBE2061A48700F51B6E /* Base */ = {isa = PBXFileReference; lastKnownFileType = file.storyboard; name = Base; path = Base.lproj/Main.storyboard; sourceTree = "<group>"; };
		DDF57DC02061A48700F51B6E /* Assets.xcassets */ = {isa = PBXFileReference; lastKnownFileType = folder.assetcatalog; path = Assets.xcassets; sourceTree = "<group>"; };
		DDF57DC32061A48700F51B6E /* Base */ = {isa = PBXFileReference; lastKnownFileType = file.storyboard; name = Base; path = Base.lproj/LaunchScreen.storyboard; sourceTree = "<group>"; };
		DDF57DC52061A48700F51B6E /* Info.plist */ = {isa = PBXFileReference; lastKnownFileType = text.plist.xml; path = Info.plist; sourceTree = "<group>"; };
		DDF57DC62061A48700F51B6E /* main.m */ = {isa = PBXFileReference; lastKnownFileType = sourcecode.c.objc; path = main.m; sourceTree = "<group>"; };
		DDF57DCD2061A50500F51B6E /* Api.h */ = {isa = PBXFileReference; lastKnownFileType = sourcecode.c.h; path = Api.h; sourceTree = "<group>"; };
		DDF57DCE2061A50500F51B6E /* Api.m */ = {isa = PBXFileReference; lastKnownFileType = sourcecode.c.objc; path = Api.m; sourceTree = "<group>"; };
		DDF57DD02061CF6F00F51B6E /* UIImage+Crop.h */ = {isa = PBXFileReference; lastKnownFileType = sourcecode.c.h; path = "UIImage+Crop.h"; sourceTree = "<group>"; };
		DDF57DD12061CF6F00F51B6E /* UIImage+Crop.m */ = {isa = PBXFileReference; lastKnownFileType = sourcecode.c.objc; path = "UIImage+Crop.m"; sourceTree = "<group>"; };
		DDF57DDB2062429500F51B6E /* FaceDetectModel.h */ = {isa = PBXFileReference; lastKnownFileType = sourcecode.c.h; path = FaceDetectModel.h; sourceTree = "<group>"; };
		DDF57DDC2062429500F51B6E /* FaceDetectModel.m */ = {isa = PBXFileReference; lastKnownFileType = sourcecode.c.objc; path = FaceDetectModel.m; sourceTree = "<group>"; };
		DDF57DDE206242B100F51B6E /* FaceRectangleModel.h */ = {isa = PBXFileReference; lastKnownFileType = sourcecode.c.h; path = FaceRectangleModel.h; sourceTree = "<group>"; };
		DDF57DDF206242B100F51B6E /* FaceRectangleModel.m */ = {isa = PBXFileReference; lastKnownFileType = sourcecode.c.objc; path = FaceRectangleModel.m; sourceTree = "<group>"; };
		E12D1A7BFA6F993189D7A988 /* libPods-HomeProject.a */ = {isa = PBXFileReference; explicitFileType = archive.ar; includeInIndex = 0; path = "libPods-HomeProject.a"; sourceTree = BUILT_PRODUCTS_DIR; };
/* End PBXFileReference section */

/* Begin PBXFrameworksBuildPhase section */
		DDF57DB12061A48600F51B6E /* Frameworks */ = {
			isa = PBXFrameworksBuildPhase;
			buildActionMask = 2147483647;
			files = (
				AF8E27FBEA992D60BC8AECA0 /* libPods-HomeProject.a in Frameworks */,
			);
			runOnlyForDeploymentPostprocessing = 0;
		};
/* End PBXFrameworksBuildPhase section */

/* Begin PBXGroup section */
		512031E47CFF4CE682C68FE8 /* Pods */ = {
			isa = PBXGroup;
			children = (
				616D3F0117B8ABBFAF0EC1F0 /* Pods-HomeProject.debug.xcconfig */,
				B31CAD009398D68EF09CC369 /* Pods-HomeProject.release.xcconfig */,
			);
			name = Pods;
			sourceTree = "<group>";
		};
		51D9EB8408A1E79181CB1962 /* Frameworks */ = {
			isa = PBXGroup;
			children = (
				E12D1A7BFA6F993189D7A988 /* libPods-HomeProject.a */,
			);
			name = Frameworks;
			sourceTree = "<group>";
		};
		DDF57DAB2061A48600F51B6E = {
			isa = PBXGroup;
			children = (
				DDF57DB62061A48600F51B6E /* HomeProject */,
				DDF57DB52061A48600F51B6E /* Products */,
				512031E47CFF4CE682C68FE8 /* Pods */,
				51D9EB8408A1E79181CB1962 /* Frameworks */,
			);
			sourceTree = "<group>";
		};
		DDF57DB52061A48600F51B6E /* Products */ = {
			isa = PBXGroup;
			children = (
				DDF57DB42061A48600F51B6E /* HomeProject.app */,
			);
			name = Products;
			sourceTree = "<group>";
		};
		DDF57DB62061A48600F51B6E /* HomeProject */ = {
			isa = PBXGroup;
			children = (
				DDF57DE22062A7BC00F51B6E /* Models */,
				DDF57DE12062A79E00F51B6E /* Utils */,
				DDF57DB72061A48600F51B6E /* AppDelegate.h */,
				DDF57DB82061A48600F51B6E /* AppDelegate.m */,
				DDF57DBA2061A48600F51B6E /* ViewController.h */,
				DDF57DBB2061A48600F51B6E /* ViewController.m */,
				DDF57DBD2061A48700F51B6E /* Main.storyboard */,
				DDF57DC02061A48700F51B6E /* Assets.xcassets */,
				DDF57DC22061A48700F51B6E /* LaunchScreen.storyboard */,
				DDF57DC52061A48700F51B6E /* Info.plist */,
				DDF57DC62061A48700F51B6E /* main.m */,
				DDF57DCD2061A50500F51B6E /* Api.h */,
				DDF57DCE2061A50500F51B6E /* Api.m */,
			);
			path = HomeProject;
			sourceTree = "<group>";
		};
		DDF57DE12062A79E00F51B6E /* Utils */ = {
			isa = PBXGroup;
			children = (
				DDF57DD02061CF6F00F51B6E /* UIImage+Crop.h */,
				DDF57DD12061CF6F00F51B6E /* UIImage+Crop.m */,
			);
			path = Utils;
			sourceTree = "<group>";
		};
		DDF57DE22062A7BC00F51B6E /* Models */ = {
			isa = PBXGroup;
			children = (
				DDF57DDB2062429500F51B6E /* FaceDetectModel.h */,
				DDF57DDC2062429500F51B6E /* FaceDetectModel.m */,
				DDF57DDE206242B100F51B6E /* FaceRectangleModel.h */,
				DDF57DDF206242B100F51B6E /* FaceRectangleModel.m */,
			);
			path = Models;
			sourceTree = "<group>";
		};
/* End PBXGroup section */

/* Begin PBXNativeTarget section */
		DDF57DB32061A48600F51B6E /* HomeProject */ = {
			isa = PBXNativeTarget;
			buildConfigurationList = DDF57DCA2061A48700F51B6E /* Build configuration list for PBXNativeTarget "HomeProject" */;
			buildPhases = (
				06017392E6917BA352B764CE /* [CP] Check Pods Manifest.lock */,
				DDF57DB02061A48600F51B6E /* Sources */,
				DDF57DB12061A48600F51B6E /* Frameworks */,
				DDF57DB22061A48600F51B6E /* Resources */,
				3A32DB3F635FC3C958B76AE7 /* [CP] Embed Pods Frameworks */,
				075C99C909F99D422E9FEDC6 /* [CP] Copy Pods Resources */,
			);
			buildRules = (
			);
			dependencies = (
			);
			name = HomeProject;
			productName = HomeProject;
			productReference = DDF57DB42061A48600F51B6E /* HomeProject.app */;
			productType = "com.apple.product-type.application";
		};
/* End PBXNativeTarget section */

/* Begin PBXProject section */
		DDF57DAC2061A48600F51B6E /* Project object */ = {
			isa = PBXProject;
			attributes = {
				LastUpgradeCheck = 0920;
				ORGANIZATIONNAME = "Yogev Barber";
				TargetAttributes = {
					DDF57DB32061A48600F51B6E = {
						CreatedOnToolsVersion = 9.2;
						LastSwiftMigration = 0920;
						ProvisioningStyle = Automatic;
					};
				};
			};
			buildConfigurationList = DDF57DAF2061A48600F51B6E /* Build configuration list for PBXProject "HomeProject" */;
			compatibilityVersion = "Xcode 8.0";
			developmentRegion = en;
			hasScannedForEncodings = 0;
			knownRegions = (
				en,
				Base,
			);
			mainGroup = DDF57DAB2061A48600F51B6E;
			productRefGroup = DDF57DB52061A48600F51B6E /* Products */;
			projectDirPath = "";
			projectRoot = "";
			targets = (
				DDF57DB32061A48600F51B6E /* HomeProject */,
			);
		};
/* End PBXProject section */

/* Begin PBXResourcesBuildPhase section */
		DDF57DB22061A48600F51B6E /* Resources */ = {
			isa = PBXResourcesBuildPhase;
			buildActionMask = 2147483647;
			files = (
				DDF57DC42061A48700F51B6E /* LaunchScreen.storyboard in Resources */,
				DDF57DC12061A48700F51B6E /* Assets.xcassets in Resources */,
				DDF57DBF2061A48700F51B6E /* Main.storyboard in Resources */,
			);
			runOnlyForDeploymentPostprocessing = 0;
		};
/* End PBXResourcesBuildPhase section */

/* Begin PBXShellScriptBuildPhase section */
		06017392E6917BA352B764CE /* [CP] Check Pods Manifest.lock */ = {
			isa = PBXShellScriptBuildPhase;
			buildActionMask = 2147483647;
			files = (
			);
			inputPaths = (
				"${PODS_PODFILE_DIR_PATH}/Podfile.lock",
				"${PODS_ROOT}/Manifest.lock",
			);
			name = "[CP] Check Pods Manifest.lock";
			outputPaths = (
				"$(DERIVED_FILE_DIR)/Pods-HomeProject-checkManifestLockResult.txt",
			);
			runOnlyForDeploymentPostprocessing = 0;
			shellPath = /bin/sh;
			shellScript = "diff \"${PODS_PODFILE_DIR_PATH}/Podfile.lock\" \"${PODS_ROOT}/Manifest.lock\" > /dev/null\nif [ $? != 0 ] ; then\n    # print error to STDERR\n    echo \"error: The sandbox is not in sync with the Podfile.lock. Run 'pod install' or update your CocoaPods installation.\" >&2\n    exit 1\nfi\n# This output is used by Xcode 'outputs' to avoid re-running this script phase.\necho \"SUCCESS\" > \"${SCRIPT_OUTPUT_FILE_0}\"\n";
			showEnvVarsInLog = 0;
		};
		075C99C909F99D422E9FEDC6 /* [CP] Copy Pods Resources */ = {
			isa = PBXShellScriptBuildPhase;
			buildActionMask = 2147483647;
			files = (
			);
			inputPaths = (
			);
			name = "[CP] Copy Pods Resources";
			outputPaths = (
			);
			runOnlyForDeploymentPostprocessing = 0;
			shellPath = /bin/sh;
			shellScript = "\"${SRCROOT}/Pods/Target Support Files/Pods-HomeProject/Pods-HomeProject-resources.sh\"\n";
			showEnvVarsInLog = 0;
		};
		3A32DB3F635FC3C958B76AE7 /* [CP] Embed Pods Frameworks */ = {
			isa = PBXShellScriptBuildPhase;
			buildActionMask = 2147483647;
			files = (
			);
			inputPaths = (
				"${SRCROOT}/Pods/Target Support Files/Pods-HomeProject/Pods-HomeProject-frameworks.sh",
				"${BUILT_PRODUCTS_DIR}/AFNetworking/AFNetworking.framework",
				"${BUILT_PRODUCTS_DIR}/ImagePicker/ImagePicker.framework",
			);
			name = "[CP] Embed Pods Frameworks";
			outputPaths = (
				"${TARGET_BUILD_DIR}/${FRAMEWORKS_FOLDER_PATH}/AFNetworking.framework",
				"${TARGET_BUILD_DIR}/${FRAMEWORKS_FOLDER_PATH}/ImagePicker.framework",
			);
			runOnlyForDeploymentPostprocessing = 0;
			shellPath = /bin/sh;
			shellScript = "\"${SRCROOT}/Pods/Target Support Files/Pods-HomeProject/Pods-HomeProject-frameworks.sh\"\n";
			showEnvVarsInLog = 0;
		};
/* End PBXShellScriptBuildPhase section */

/* Begin PBXSourcesBuildPhase section */
		DDF57DB02061A48600F51B6E /* Sources */ = {
			isa = PBXSourcesBuildPhase;
			buildActionMask = 2147483647;
			files = (
				DDF57DBC2061A48600F51B6E /* ViewController.m in Sources */,
				DDF57DE0206242B100F51B6E /* FaceRectangleModel.m in Sources */,
				DDF57DC72061A48700F51B6E /* main.m in Sources */,
				DDF57DD22061CF6F00F51B6E /* UIImage+Crop.m in Sources */,
				DDF57DDD2062429500F51B6E /* FaceDetectModel.m in Sources */,
				DDF57DCF2061A50500F51B6E /* Api.m in Sources */,
				DDF57DB92061A48600F51B6E /* AppDelegate.m in Sources */,
			);
			runOnlyForDeploymentPostprocessing = 0;
		};
/* End PBXSourcesBuildPhase section */

/* Begin PBXVariantGroup section */
		DDF57DBD2061A48700F51B6E /* Main.storyboard */ = {
			isa = PBXVariantGroup;
			children = (
				DDF57DBE2061A48700F51B6E /* Base */,
			);
			name = Main.storyboard;
			sourceTree = "<group>";
		};
		DDF57DC22061A48700F51B6E /* LaunchScreen.storyboard */ = {
			isa = PBXVariantGroup;
			children = (
				DDF57DC32061A48700F51B6E /* Base */,
			);
			name = LaunchScreen.storyboard;
			sourceTree = "<group>";
		};
/* End PBXVariantGroup section */

/* Begin XCBuildConfiguration section */
		DDF57DC82061A48700F51B6E /* Debug */ = {
			isa = XCBuildConfiguration;
			buildSettings = {
				ALWAYS_SEARCH_USER_PATHS = NO;
				CLANG_ANALYZER_NONNULL = YES;
				CLANG_ANALYZER_NUMBER_OBJECT_CONVERSION = YES_AGGRESSIVE;
				CLANG_CXX_LANGUAGE_STANDARD = "gnu++14";
				CLANG_CXX_LIBRARY = "libc++";
				CLANG_ENABLE_MODULES = YES;
				CLANG_ENABLE_OBJC_ARC = YES;
				CLANG_WARN_BLOCK_CAPTURE_AUTORELEASING = YES;
				CLANG_WARN_BOOL_CONVERSION = YES;
				CLANG_WARN_COMMA = YES;
				CLANG_WARN_CONSTANT_CONVERSION = YES;
				CLANG_WARN_DIRECT_OBJC_ISA_USAGE = YES_ERROR;
				CLANG_WARN_DOCUMENTATION_COMMENTS = YES;
				CLANG_WARN_EMPTY_BODY = YES;
				CLANG_WARN_ENUM_CONVERSION = YES;
				CLANG_WARN_INFINITE_RECURSION = YES;
				CLANG_WARN_INT_CONVERSION = YES;
				CLANG_WARN_NON_LITERAL_NULL_CONVERSION = YES;
				CLANG_WARN_OBJC_LITERAL_CONVERSION = YES;
				CLANG_WARN_OBJC_ROOT_CLASS = YES_ERROR;
				CLANG_WARN_RANGE_LOOP_ANALYSIS = YES;
				CLANG_WARN_STRICT_PROTOTYPES = YES;
				CLANG_WARN_SUSPICIOUS_MOVE = YES;
				CLANG_WARN_UNGUARDED_AVAILABILITY = YES_AGGRESSIVE;
				CLANG_WARN_UNREACHABLE_CODE = YES;
				CLANG_WARN__DUPLICATE_METHOD_MATCH = YES;
				CODE_SIGN_IDENTITY = "iPhone Developer";
				COPY_PHASE_STRIP = NO;
				DEBUG_INFORMATION_FORMAT = dwarf;
				ENABLE_STRICT_OBJC_MSGSEND = YES;
				ENABLE_TESTABILITY = YES;
				GCC_C_LANGUAGE_STANDARD = gnu11;
				GCC_DYNAMIC_NO_PIC = NO;
				GCC_NO_COMMON_BLOCKS = YES;
				GCC_OPTIMIZATION_LEVEL = 0;
				GCC_PREPROCESSOR_DEFINITIONS = (
					"DEBUG=1",
					"$(inherited)",
				);
				GCC_WARN_64_TO_32_BIT_CONVERSION = YES;
				GCC_WARN_ABOUT_RETURN_TYPE = YES_ERROR;
				GCC_WARN_UNDECLARED_SELECTOR = YES;
				GCC_WARN_UNINITIALIZED_AUTOS = YES_AGGRESSIVE;
				GCC_WARN_UNUSED_FUNCTION = YES;
				GCC_WARN_UNUSED_VARIABLE = YES;
				IPHONEOS_DEPLOYMENT_TARGET = 11.2;
				MTL_ENABLE_DEBUG_INFO = YES;
				ONLY_ACTIVE_ARCH = YES;
				SDKROOT = iphoneos;
			};
			name = Debug;
		};
		DDF57DC92061A48700F51B6E /* Release */ = {
			isa = XCBuildConfiguration;
			buildSettings = {
				ALWAYS_SEARCH_USER_PATHS = NO;
				CLANG_ANALYZER_NONNULL = YES;
				CLANG_ANALYZER_NUMBER_OBJECT_CONVERSION = YES_AGGRESSIVE;
				CLANG_CXX_LANGUAGE_STANDARD = "gnu++14";
				CLANG_CXX_LIBRARY = "libc++";
				CLANG_ENABLE_MODULES = YES;
				CLANG_ENABLE_OBJC_ARC = YES;
				CLANG_WARN_BLOCK_CAPTURE_AUTORELEASING = YES;
				CLANG_WARN_BOOL_CONVERSION = YES;
				CLANG_WARN_COMMA = YES;
				CLANG_WARN_CONSTANT_CONVERSION = YES;
				CLANG_WARN_DIRECT_OBJC_ISA_USAGE = YES_ERROR;
				CLANG_WARN_DOCUMENTATION_COMMENTS = YES;
				CLANG_WARN_EMPTY_BODY = YES;
				CLANG_WARN_ENUM_CONVERSION = YES;
				CLANG_WARN_INFINITE_RECURSION = YES;
				CLANG_WARN_INT_CONVERSION = YES;
				CLANG_WARN_NON_LITERAL_NULL_CONVERSION = YES;
				CLANG_WARN_OBJC_LITERAL_CONVERSION = YES;
				CLANG_WARN_OBJC_ROOT_CLASS = YES_ERROR;
				CLANG_WARN_RANGE_LOOP_ANALYSIS = YES;
				CLANG_WARN_STRICT_PROTOTYPES = YES;
				CLANG_WARN_SUSPICIOUS_MOVE = YES;
				CLANG_WARN_UNGUARDED_AVAILABILITY = YES_AGGRESSIVE;
				CLANG_WARN_UNREACHABLE_CODE = YES;
				CLANG_WARN__DUPLICATE_METHOD_MATCH = YES;
				CODE_SIGN_IDENTITY = "iPhone Developer";
				COPY_PHASE_STRIP = NO;
				DEBUG_INFORMATION_FORMAT = "dwarf-with-dsym";
				ENABLE_NS_ASSERTIONS = NO;
				ENABLE_STRICT_OBJC_MSGSEND = YES;
				GCC_C_LANGUAGE_STANDARD = gnu11;
				GCC_NO_COMMON_BLOCKS = YES;
				GCC_WARN_64_TO_32_BIT_CONVERSION = YES;
				GCC_WARN_ABOUT_RETURN_TYPE = YES_ERROR;
				GCC_WARN_UNDECLARED_SELECTOR = YES;
				GCC_WARN_UNINITIALIZED_AUTOS = YES_AGGRESSIVE;
				GCC_WARN_UNUSED_FUNCTION = YES;
				GCC_WARN_UNUSED_VARIABLE = YES;
				IPHONEOS_DEPLOYMENT_TARGET = 11.2;
				MTL_ENABLE_DEBUG_INFO = NO;
				SDKROOT = iphoneos;
				VALIDATE_PRODUCT = YES;
			};
			name = Release;
		};
		DDF57DCB2061A48700F51B6E /* Debug */ = {
			isa = XCBuildConfiguration;
			baseConfigurationReference = 616D3F0117B8ABBFAF0EC1F0 /* Pods-HomeProject.debug.xcconfig */;
			buildSettings = {
				ASSETCATALOG_COMPILER_APPICON_NAME = AppIcon;
				CLANG_ENABLE_MODULES = YES;
				CODE_SIGN_STYLE = Automatic;
				DEVELOPMENT_TEAM = 8Y85BNADS4;
				INFOPLIST_FILE = HomeProject/Info.plist;
				IPHONEOS_DEPLOYMENT_TARGET = 11.0;
				LD_RUNPATH_SEARCH_PATHS = "$(inherited) @executable_path/Frameworks";
				PRODUCT_BUNDLE_IDENTIFIER = com.yogev.HomeProject;
				PRODUCT_NAME = "$(TARGET_NAME)";
				SWIFT_OBJC_BRIDGING_HEADER = "HomeProject/HomeProject-Bridging-Header.h";
				SWIFT_OPTIMIZATION_LEVEL = "-Onone";
				SWIFT_VERSION = 3.0;
				TARGETED_DEVICE_FAMILY = "1,2";
			};
			name = Debug;
		};
		DDF57DCC2061A48700F51B6E /* Release */ = {
			isa = XCBuildConfiguration;
			baseConfigurationReference = B31CAD009398D68EF09CC369 /* Pods-HomeProject.release.xcconfig */;
			buildSettings = {
				ASSETCATALOG_COMPILER_APPICON_NAME = AppIcon;
				CLANG_ENABLE_MODULES = YES;
				CODE_SIGN_STYLE = Automatic;
				DEVELOPMENT_TEAM = 8Y85BNADS4;
				INFOPLIST_FILE = HomeProject/Info.plist;
				IPHONEOS_DEPLOYMENT_TARGET = 11.0;
				LD_RUNPATH_SEARCH_PATHS = "$(inherited) @executable_path/Frameworks";
				PRODUCT_BUNDLE_IDENTIFIER = com.yogev.HomeProject;
				PRODUCT_NAME = "$(TARGET_NAME)";
				SWIFT_OBJC_BRIDGING_HEADER = "HomeProject/HomeProject-Bridging-Header.h";
				SWIFT_VERSION = 3.0;
				TARGETED_DEVICE_FAMILY = "1,2";
			};
			name = Release;
		};
/* End XCBuildConfiguration section */

/* Begin XCConfigurationList section */
		DDF57DAF2061A48600F51B6E /* Build configuration list for PBXProject "HomeProject" */ = {
			isa = XCConfigurationList;
			buildConfigurations = (
				DDF57DC82061A48700F51B6E /* Debug */,
				DDF57DC92061A48700F51B6E /* Release */,
			);
			defaultConfigurationIsVisible = 0;
			defaultConfigurationName = Release;
		};
		DDF57DCA2061A48700F51B6E /* Build configuration list for PBXNativeTarget "HomeProject" */ = {
			isa = XCConfigurationList;
			buildConfigurations = (
				DDF57DCB2061A48700F51B6E /* Debug */,
				DDF57DCC2061A48700F51B6E /* Release */,
			);
			defaultConfigurationIsVisible = 0;
			defaultConfigurationName = Release;
		};
/* End XCConfigurationList section */
	};
	rootObject = DDF57DAC2061A48600F51B6E /* Project object */;
}
